// !$*UTF8*$!
{
	archiveVersion = 1;
	classes = {
	};
	objectVersion = 46;
	objects = {

/* Begin PBXBuildFile section */
		BF416A3C191AC887001CEF84 /* Foundation.framework in Frameworks */ = {isa = PBXBuildFile; fileRef = BF416A3B191AC887001CEF84 /* Foundation.framework */; };
		BF416A3E191AC887001CEF84 /* CoreGraphics.framework in Frameworks */ = {isa = PBXBuildFile; fileRef = BF416A3D191AC887001CEF84 /* CoreGraphics.framework */; };
		BF416A40191AC887001CEF84 /* UIKit.framework in Frameworks */ = {isa = PBXBuildFile; fileRef = BF416A3F191AC887001CEF84 /* UIKit.framework */; };
		BF416A46191AC887001CEF84 /* InfoPlist.strings in Resources */ = {isa = PBXBuildFile; fileRef = BF416A44191AC887001CEF84 /* InfoPlist.strings */; };
		BF416A48191AC887001CEF84 /* main.m in Sources */ = {isa = PBXBuildFile; fileRef = BF416A47191AC887001CEF84 /* main.m */; };
		BF416A4C191AC887001CEF84 /* AppDelegate.m in Sources */ = {isa = PBXBuildFile; fileRef = BF416A4B191AC887001CEF84 /* AppDelegate.m */; };
		BF416A4E191AC887001CEF84 /* Images.xcassets in Resources */ = {isa = PBXBuildFile; fileRef = BF416A4D191AC887001CEF84 /* Images.xcassets */; };
		BF416A55191AC887001CEF84 /* XCTest.framework in Frameworks */ = {isa = PBXBuildFile; fileRef = BF416A54191AC887001CEF84 /* XCTest.framework */; };
		BF416A56191AC887001CEF84 /* Foundation.framework in Frameworks */ = {isa = PBXBuildFile; fileRef = BF416A3B191AC887001CEF84 /* Foundation.framework */; };
		BF416A57191AC887001CEF84 /* UIKit.framework in Frameworks */ = {isa = PBXBuildFile; fileRef = BF416A3F191AC887001CEF84 /* UIKit.framework */; };
		BF416A5F191AC887001CEF84 /* InfoPlist.strings in Resources */ = {isa = PBXBuildFile; fileRef = BF416A5D191AC887001CEF84 /* InfoPlist.strings */; };
		BF416A61191AC887001CEF84 /* TipCalculatorTests.m in Sources */ = {isa = PBXBuildFile; fileRef = BF416A60191AC887001CEF84 /* TipCalculatorTests.m */; };
		BF416A74191ACA90001CEF84 /* TipViewController.m in Sources */ = {isa = PBXBuildFile; fileRef = BF416A72191ACA90001CEF84 /* TipViewController.m */; };
		BF416A75191ACA90001CEF84 /* TipViewController.xib in Resources */ = {isa = PBXBuildFile; fileRef = BF416A73191ACA90001CEF84 /* TipViewController.xib */; };
		BF416A79191AD812001CEF84 /* SettingsViewController.m in Sources */ = {isa = PBXBuildFile; fileRef = BF416A77191AD812001CEF84 /* SettingsViewController.m */; };
		BF416A7A191AD812001CEF84 /* SettingsViewController.xib in Resources */ = {isa = PBXBuildFile; fileRef = BF416A78191AD812001CEF84 /* SettingsViewController.xib */; };
		BF416A7D191ADC64001CEF84 /* Constants.m in Sources */ = {isa = PBXBuildFile; fileRef = BF416A7C191ADC64001CEF84 /* Constants.m */; };
/* End PBXBuildFile section */

/* Begin PBXContainerItemProxy section */
		BF416A58191AC887001CEF84 /* PBXContainerItemProxy */ = {
			isa = PBXContainerItemProxy;
			containerPortal = BF416A30191AC887001CEF84 /* Project object */;
			proxyType = 1;
			remoteGlobalIDString = BF416A37191AC887001CEF84;
			remoteInfo = TipCalculator;
		};
/* End PBXContainerItemProxy section */

/* Begin PBXFileReference section */
		BF416A38191AC887001CEF84 /* TipCalculator.app */ = {isa = PBXFileReference; explicitFileType = wrapper.application; includeInIndex = 0; path = TipCalculator.app; sourceTree = BUILT_PRODUCTS_DIR; };
		BF416A3B191AC887001CEF84 /* Foundation.framework */ = {isa = PBXFileReference; lastKnownFileType = wrapper.framework; name = Foundation.framework; path = System/Library/Frameworks/Foundation.framework; sourceTree = SDKROOT; };
		BF416A3D191AC887001CEF84 /* CoreGraphics.framework */ = {isa = PBXFileReference; lastKnownFileType = wrapper.framework; name = CoreGraphics.framework; path = System/Library/Frameworks/CoreGraphics.framework; sourceTree = SDKROOT; };
		BF416A3F191AC887001CEF84 /* UIKit.framework */ = {isa = PBXFileReference; lastKnownFileType = wrapper.framework; name = UIKit.framework; path = System/Library/Frameworks/UIKit.framework; sourceTree = SDKROOT; };
		BF416A43191AC887001CEF84 /* TipCalculator-Info.plist */ = {isa = PBXFileReference; lastKnownFileType = text.plist.xml; path = "TipCalculator-Info.plist"; sourceTree = "<group>"; };
		BF416A45191AC887001CEF84 /* en */ = {isa = PBXFileReference; lastKnownFileType = text.plist.strings; name = en; path = en.lproj/InfoPlist.strings; sourceTree = "<group>"; };
		BF416A47191AC887001CEF84 /* main.m */ = {isa = PBXFileReference; lastKnownFileType = sourcecode.c.objc; path = main.m; sourceTree = "<group>"; };
		BF416A49191AC887001CEF84 /* TipCalculator-Prefix.pch */ = {isa = PBXFileReference; lastKnownFileType = sourcecode.c.h; path = "TipCalculator-Prefix.pch"; sourceTree = "<group>"; };
		BF416A4A191AC887001CEF84 /* AppDelegate.h */ = {isa = PBXFileReference; lastKnownFileType = sourcecode.c.h; path = AppDelegate.h; sourceTree = "<group>"; };
		BF416A4B191AC887001CEF84 /* AppDelegate.m */ = {isa = PBXFileReference; lastKnownFileType = sourcecode.c.objc; path = AppDelegate.m; sourceTree = "<group>"; };
		BF416A4D191AC887001CEF84 /* Images.xcassets */ = {isa = PBXFileReference; lastKnownFileType = folder.assetcatalog; path = Images.xcassets; sourceTree = "<group>"; };
		BF416A53191AC887001CEF84 /* TipCalculatorTests.xctest */ = {isa = PBXFileReference; explicitFileType = wrapper.cfbundle; includeInIndex = 0; path = TipCalculatorTests.xctest; sourceTree = BUILT_PRODUCTS_DIR; };
		BF416A54191AC887001CEF84 /* XCTest.framework */ = {isa = PBXFileReference; lastKnownFileType = wrapper.framework; name = XCTest.framework; path = Library/Frameworks/XCTest.framework; sourceTree = DEVELOPER_DIR; };
		BF416A5C191AC887001CEF84 /* TipCalculatorTests-Info.plist */ = {isa = PBXFileReference; lastKnownFileType = text.plist.xml; path = "TipCalculatorTests-Info.plist"; sourceTree = "<group>"; };
		BF416A5E191AC887001CEF84 /* en */ = {isa = PBXFileReference; lastKnownFileType = text.plist.strings; name = en; path = en.lproj/InfoPlist.strings; sourceTree = "<group>"; };
		BF416A60191AC887001CEF84 /* TipCalculatorTests.m */ = {isa = PBXFileReference; lastKnownFileType = sourcecode.c.objc; path = TipCalculatorTests.m; sourceTree = "<group>"; };
		BF416A71191ACA90001CEF84 /* TipViewController.h */ = {isa = PBXFileReference; fileEncoding = 4; lastKnownFileType = sourcecode.c.h; path = TipViewController.h; sourceTree = "<group>"; };
		BF416A72191ACA90001CEF84 /* TipViewController.m */ = {isa = PBXFileReference; fileEncoding = 4; lastKnownFileType = sourcecode.c.objc; path = TipViewController.m; sourceTree = "<group>"; };
		BF416A73191ACA90001CEF84 /* TipViewController.xib */ = {isa = PBXFileReference; fileEncoding = 4; lastKnownFileType = file.xib; path = TipViewController.xib; sourceTree = "<group>"; };
		BF416A76191AD812001CEF84 /* SettingsViewController.h */ = {isa = PBXFileReference; fileEncoding = 4; lastKnownFileType = sourcecode.c.h; path = SettingsViewController.h; sourceTree = "<group>"; };
		BF416A77191AD812001CEF84 /* SettingsViewController.m */ = {isa = PBXFileReference; fileEncoding = 4; lastKnownFileType = sourcecode.c.objc; path = SettingsViewController.m; sourceTree = "<group>"; };
		BF416A78191AD812001CEF84 /* SettingsViewController.xib */ = {isa = PBXFileReference; fileEncoding = 4; lastKnownFileType = file.xib; path = SettingsViewController.xib; sourceTree = "<group>"; };
		BF416A7B191ADC1C001CEF84 /* Constants.h */ = {isa = PBXFileReference; fileEncoding = 4; lastKnownFileType = sourcecode.c.h; path = Constants.h; sourceTree = "<group>"; };
		BF416A7C191ADC64001CEF84 /* Constants.m */ = {isa = PBXFileReference; fileEncoding = 4; lastKnownFileType = sourcecode.c.objc; path = Constants.m; sourceTree = "<group>"; };
/* End PBXFileReference section */

/* Begin PBXFrameworksBuildPhase section */
		BF416A35191AC887001CEF84 /* Frameworks */ = {
			isa = PBXFrameworksBuildPhase;
			buildActionMask = 2147483647;
			files = (
				BF416A3E191AC887001CEF84 /* CoreGraphics.framework in Frameworks */,
				BF416A40191AC887001CEF84 /* UIKit.framework in Frameworks */,
				BF416A3C191AC887001CEF84 /* Foundation.framework in Frameworks */,
			);
			runOnlyForDeploymentPostprocessing = 0;
		};
		BF416A50191AC887001CEF84 /* Frameworks */ = {
			isa = PBXFrameworksBuildPhase;
			buildActionMask = 2147483647;
			files = (
				BF416A55191AC887001CEF84 /* XCTest.framework in Frameworks */,
				BF416A57191AC887001CEF84 /* UIKit.framework in Frameworks */,
				BF416A56191AC887001CEF84 /* Foundation.framework in Frameworks */,
			);
			runOnlyForDeploymentPostprocessing = 0;
		};
/* End PBXFrameworksBuildPhase section */

/* Begin PBXGroup section */
		BF416A2F191AC887001CEF84 = {
			isa = PBXGroup;
			children = (
				BF416A41191AC887001CEF84 /* TipCalculator */,
				BF416A5A191AC887001CEF84 /* TipCalculatorTests */,
				BF416A3A191AC887001CEF84 /* Frameworks */,
				BF416A39191AC887001CEF84 /* Products */,
			);
			sourceTree = "<group>";
		};
		BF416A39191AC887001CEF84 /* Products */ = {
			isa = PBXGroup;
			children = (
				BF416A38191AC887001CEF84 /* TipCalculator.app */,
				BF416A53191AC887001CEF84 /* TipCalculatorTests.xctest */,
			);
			name = Products;
			sourceTree = "<group>";
		};
		BF416A3A191AC887001CEF84 /* Frameworks */ = {
			isa = PBXGroup;
			children = (
				BF416A3B191AC887001CEF84 /* Foundation.framework */,
				BF416A3D191AC887001CEF84 /* CoreGraphics.framework */,
				BF416A3F191AC887001CEF84 /* UIKit.framework */,
				BF416A54191AC887001CEF84 /* XCTest.framework */,
			);
			name = Frameworks;
			sourceTree = "<group>";
		};
		BF416A41191AC887001CEF84 /* TipCalculator */ = {
			isa = PBXGroup;
			children = (
				BF416A4A191AC887001CEF84 /* AppDelegate.h */,
				BF416A4B191AC887001CEF84 /* AppDelegate.m */,
				BF416A4D191AC887001CEF84 /* Images.xcassets */,
				BF416A71191ACA90001CEF84 /* TipViewController.h */,
				BF416A72191ACA90001CEF84 /* TipViewController.m */,
				BF416A7B191ADC1C001CEF84 /* Constants.h */,
				BF416A7C191ADC64001CEF84 /* Constants.m */,
				BF416A76191AD812001CEF84 /* SettingsViewController.h */,
				BF416A77191AD812001CEF84 /* SettingsViewController.m */,
				BF416A78191AD812001CEF84 /* SettingsViewController.xib */,
				BF416A73191ACA90001CEF84 /* TipViewController.xib */,
				BF416A42191AC887001CEF84 /* Supporting Files */,
			);
			path = TipCalculator;
			sourceTree = "<group>";
		};
		BF416A42191AC887001CEF84 /* Supporting Files */ = {
			isa = PBXGroup;
			children = (
				BF416A43191AC887001CEF84 /* TipCalculator-Info.plist */,
				BF416A44191AC887001CEF84 /* InfoPlist.strings */,
				BF416A47191AC887001CEF84 /* main.m */,
				BF416A49191AC887001CEF84 /* TipCalculator-Prefix.pch */,
			);
			name = "Supporting Files";
			sourceTree = "<group>";
		};
		BF416A5A191AC887001CEF84 /* TipCalculatorTests */ = {
			isa = PBXGroup;
			children = (
				BF416A60191AC887001CEF84 /* TipCalculatorTests.m */,
				BF416A5B191AC887001CEF84 /* Supporting Files */,
			);
			path = TipCalculatorTests;
			sourceTree = "<group>";
		};
		BF416A5B191AC887001CEF84 /* Supporting Files */ = {
			isa = PBXGroup;
			children = (
				BF416A5C191AC887001CEF84 /* TipCalculatorTests-Info.plist */,
				BF416A5D191AC887001CEF84 /* InfoPlist.strings */,
			);
			name = "Supporting Files";
			sourceTree = "<group>";
		};
/* End PBXGroup section */

/* Begin PBXNativeTarget section */
		BF416A37191AC887001CEF84 /* TipCalculator */ = {
			isa = PBXNativeTarget;
			buildConfigurationList = BF416A64191AC887001CEF84 /* Build configuration list for PBXNativeTarget "TipCalculator" */;
			buildPhases = (
				BF416A34191AC887001CEF84 /* Sources */,
				BF416A35191AC887001CEF84 /* Frameworks */,
				BF416A36191AC887001CEF84 /* Resources */,
			);
			buildRules = (
			);
			dependencies = (
			);
			name = TipCalculator;
			productName = TipCalculator;
			productReference = BF416A38191AC887001CEF84 /* TipCalculator.app */;
			productType = "com.apple.product-type.application";
		};
		BF416A52191AC887001CEF84 /* TipCalculatorTests */ = {
			isa = PBXNativeTarget;
			buildConfigurationList = BF416A67191AC887001CEF84 /* Build configuration list for PBXNativeTarget "TipCalculatorTests" */;
			buildPhases = (
				BF416A4F191AC887001CEF84 /* Sources */,
				BF416A50191AC887001CEF84 /* Frameworks */,
				BF416A51191AC887001CEF84 /* Resources */,
			);
			buildRules = (
			);
			dependencies = (
				BF416A59191AC887001CEF84 /* PBXTargetDependency */,
			);
			name = TipCalculatorTests;
			productName = TipCalculatorTests;
			productReference = BF416A53191AC887001CEF84 /* TipCalculatorTests.xctest */;
			productType = "com.apple.product-type.bundle.unit-test";
		};
/* End PBXNativeTarget section */

/* Begin PBXProject section */
		BF416A30191AC887001CEF84 /* Project object */ = {
			isa = PBXProject;
			attributes = {
				LastUpgradeCheck = 0510;
				ORGANIZATIONNAME = "Michael Hahn";
				TargetAttributes = {
					BF416A52191AC887001CEF84 = {
						TestTargetID = BF416A37191AC887001CEF84;
					};
				};
			};
			buildConfigurationList = BF416A33191AC887001CEF84 /* Build configuration list for PBXProject "TipCalculator" */;
			compatibilityVersion = "Xcode 3.2";
			developmentRegion = English;
			hasScannedForEncodings = 0;
			knownRegions = (
				en,
			);
			mainGroup = BF416A2F191AC887001CEF84;
			productRefGroup = BF416A39191AC887001CEF84 /* Products */;
			projectDirPath = "";
			projectRoot = "";
			targets = (
				BF416A37191AC887001CEF84 /* TipCalculator */,
				BF416A52191AC887001CEF84 /* TipCalculatorTests */,
			);
		};
/* End PBXProject section */

/* Begin PBXResourcesBuildPhase section */
		BF416A36191AC887001CEF84 /* Resources */ = {
			isa = PBXResourcesBuildPhase;
			buildActionMask = 2147483647;
			files = (
				BF416A75191ACA90001CEF84 /* TipViewController.xib in Resources */,
				BF416A46191AC887001CEF84 /* InfoPlist.strings in Resources */,
				BF416A4E191AC887001CEF84 /* Images.xcassets in Resources */,
				BF416A7A191AD812001CEF84 /* SettingsViewController.xib in Resources */,
			);
			runOnlyForDeploymentPostprocessing = 0;
		};
		BF416A51191AC887001CEF84 /* Resources */ = {
			isa = PBXResourcesBuildPhase;
			buildActionMask = 2147483647;
			files = (
				BF416A5F191AC887001CEF84 /* InfoPlist.strings in Resources */,
			);
			runOnlyForDeploymentPostprocessing = 0;
		};
/* End PBXResourcesBuildPhase section */

/* Begin PBXSourcesBuildPhase section */
		BF416A34191AC887001CEF84 /* Sources */ = {
			isa = PBXSourcesBuildPhase;
			buildActionMask = 2147483647;
			files = (
				BF416A7D191ADC64001CEF84 /* Constants.m in Sources */,
				BF416A4C191AC887001CEF84 /* AppDelegate.m in Sources */,
				BF416A74191ACA90001CEF84 /* TipViewController.m in Sources */,
				BF416A48191AC887001CEF84 /* main.m in Sources */,
				BF416A79191AD812001CEF84 /* SettingsViewController.m in Sources */,
			);
			runOnlyForDeploymentPostprocessing = 0;
		};
		BF416A4F191AC887001CEF84 /* Sources */ = {
			isa = PBXSourcesBuildPhase;
			buildActionMask = 2147483647;
			files = (
				BF416A61191AC887001CEF84 /* TipCalculatorTests.m in Sources */,
			);
			runOnlyForDeploymentPostprocessing = 0;
		};
/* End PBXSourcesBuildPhase section */

/* Begin PBXTargetDependency section */
		BF416A59191AC887001CEF84 /* PBXTargetDependency */ = {
			isa = PBXTargetDependency;
			target = BF416A37191AC887001CEF84 /* TipCalculator */;
			targetProxy = BF416A58191AC887001CEF84 /* PBXContainerItemProxy */;
		};
/* End PBXTargetDependency section */

/* Begin PBXVariantGroup section */
		BF416A44191AC887001CEF84 /* InfoPlist.strings */ = {
			isa = PBXVariantGroup;
			children = (
				BF416A45191AC887001CEF84 /* en */,
			);
			name = InfoPlist.strings;
			sourceTree = "<group>";
		};
		BF416A5D191AC887001CEF84 /* InfoPlist.strings */ = {
			isa = PBXVariantGroup;
			children = (
				BF416A5E191AC887001CEF84 /* en */,
			);
			name = InfoPlist.strings;
			sourceTree = "<group>";
		};
/* End PBXVariantGroup section */

/* Begin XCBuildConfiguration section */
		BF416A62191AC887001CEF84 /* Debug */ = {
			isa = XCBuildConfiguration;
			buildSettings = {
				ALWAYS_SEARCH_USER_PATHS = NO;
				CLANG_CXX_LANGUAGE_STANDARD = "gnu++0x";
				CLANG_CXX_LIBRARY = "libc++";
				CLANG_ENABLE_MODULES = YES;
				CLANG_ENABLE_OBJC_ARC = YES;
				CLANG_WARN_BOOL_CONVERSION = YES;
				CLANG_WARN_CONSTANT_CONVERSION = YES;
				CLANG_WARN_DIRECT_OBJC_ISA_USAGE = YES_ERROR;
				CLANG_WARN_EMPTY_BODY = YES;
				CLANG_WARN_ENUM_CONVERSION = YES;
				CLANG_WARN_INT_CONVERSION = YES;
				CLANG_WARN_OBJC_ROOT_CLASS = YES_ERROR;
				CLANG_WARN__DUPLICATE_METHOD_MATCH = YES;
				"CODE_SIGN_IDENTITY[sdk=iphoneos*]" = "iPhone Developer";
				COPY_PHASE_STRIP = NO;
				GCC_C_LANGUAGE_STANDARD = gnu99;
				GCC_DYNAMIC_NO_PIC = NO;
				GCC_OPTIMIZATION_LEVEL = 0;
				GCC_PREPROCESSOR_DEFINITIONS = (
					"DEBUG=1",
					"$(inherited)",
				);
				GCC_SYMBOLS_PRIVATE_EXTERN = NO;
				GCC_WARN_64_TO_32_BIT_CONVERSION = YES;
				GCC_WARN_ABOUT_RETURN_TYPE = YES_ERROR;
				GCC_WARN_UNDECLARED_SELECTOR = YES;
				GCC_WARN_UNINITIALIZED_AUTOS = YES_AGGRESSIVE;
				GCC_WARN_UNUSED_FUNCTION = YES;
				GCC_WARN_UNUSED_VARIABLE = YES;
				IPHONEOS_DEPLOYMENT_TARGET = 7.1;
				ONLY_ACTIVE_ARCH = YES;
				SDKROOT = iphoneos;
			};
			name = Debug;
		};
		BF416A63191AC887001CEF84 /* Release */ = {
			isa = XCBuildConfiguration;
			buildSettings = {
				ALWAYS_SEARCH_USER_PATHS = NO;
				CLANG_CXX_LANGUAGE_STANDARD = "gnu++0x";
				CLANG_CXX_LIBRARY = "libc++";
				CLANG_ENABLE_MODULES = YES;
				CLANG_ENABLE_OBJC_ARC = YES;
				CLANG_WARN_BOOL_CONVERSION = YES;
				CLANG_WARN_CONSTANT_CONVERSION = YES;
				CLANG_WARN_DIRECT_OBJC_ISA_USAGE = YES_ERROR;
				CLANG_WARN_EMPTY_BODY = YES;
				CLANG_WARN_ENUM_CONVERSION = YES;
				CLANG_WARN_INT_CONVERSION = YES;
				CLANG_WARN_OBJC_ROOT_CLASS = YES_ERROR;
				CLANG_WARN__DUPLICATE_METHOD_MATCH = YES;
				"CODE_SIGN_IDENTITY[sdk=iphoneos*]" = "iPhone Developer";
				COPY_PHASE_STRIP = YES;
				ENABLE_NS_ASSERTIONS = NO;
				GCC_C_LANGUAGE_STANDARD = gnu99;
				GCC_WARN_64_TO_32_BIT_CONVERSION = YES;
				GCC_WARN_ABOUT_RETURN_TYPE = YES_ERROR;
				GCC_WARN_UNDECLARED_SELECTOR = YES;
				GCC_WARN_UNINITIALIZED_AUTOS = YES_AGGRESSIVE;
				GCC_WARN_UNUSED_FUNCTION = YES;
				GCC_WARN_UNUSED_VARIABLE = YES;
				IPHONEOS_DEPLOYMENT_TARGET = 7.1;
				SDKROOT = iphoneos;
				VALIDATE_PRODUCT = YES;
			};
			name = Release;
		};
		BF416A65191AC887001CEF84 /* Debug */ = {
			isa = XCBuildConfiguration;
			buildSettings = {
				ASSETCATALOG_COMPILER_APPICON_NAME = AppIcon;
				ASSETCATALOG_COMPILER_LAUNCHIMAGE_NAME = LaunchImage;
				GCC_PRECOMPILE_PREFIX_HEADER = YES;
				GCC_PREFIX_HEADER = "TipCalculator/TipCalculator-Prefix.pch";
				INFOPLIST_FILE = "TipCalculator/TipCalculator-Info.plist";
				PRODUCT_NAME = "$(TARGET_NAME)";
				WRAPPER_EXTENSION = app;
			};
			name = Debug;
		};
		BF416A66191AC887001CEF84 /* Release */ = {
			isa = XCBuildConfiguration;
			buildSettings = {
				ASSETCATALOG_COMPILER_APPICON_NAME = AppIcon;
				ASSETCATALOG_COMPILER_LAUNCHIMAGE_NAME = LaunchImage;
				GCC_PRECOMPILE_PREFIX_HEADER = YES;
				GCC_PREFIX_HEADER = "TipCalculator/TipCalculator-Prefix.pch";
				INFOPLIST_FILE = "TipCalculator/TipCalculator-Info.plist";
				PRODUCT_NAME = "$(TARGET_NAME)";
				WRAPPER_EXTENSION = app;
			};
			name = Release;
		};
		BF416A68191AC887001CEF84 /* Debug */ = {
			isa = XCBuildConfiguration;
			buildSettings = {
				BUNDLE_LOADER = "$(BUILT_PRODUCTS_DIR)/TipCalculator.app/TipCalculator";
				FRAMEWORK_SEARCH_PATHS = (
					"$(SDKROOT)/Developer/Library/Frameworks",
					"$(inherited)",
					"$(DEVELOPER_FRAMEWORKS_DIR)",
				);
				GCC_PRECOMPILE_PREFIX_HEADER = YES;
				GCC_PREFIX_HEADER = "TipCalculator/TipCalculator-Prefix.pch";
				GCC_PREPROCESSOR_DEFINITIONS = (
					"DEBUG=1",
					"$(inherited)",
				);
				INFOPLIST_FILE = "TipCalculatorTests/TipCalculatorTests-Info.plist";
				PRODUCT_NAME = "$(TARGET_NAME)";
				TEST_HOST = "$(BUNDLE_LOADER)";
				WRAPPER_EXTENSION = xctest;
			};
			name = Debug;
		};
		BF416A69191AC887001CEF84 /* Release */ = {
			isa = XCBuildConfiguration;
			buildSettings = {
				BUNDLE_LOADER = "$(BUILT_PRODUCTS_DIR)/TipCalculator.app/TipCalculator";
				FRAMEWORK_SEARCH_PATHS = (
					"$(SDKROOT)/Developer/Library/Frameworks",
					"$(inherited)",
					"$(DEVELOPER_FRAMEWORKS_DIR)",
				);
				GCC_PRECOMPILE_PREFIX_HEADER = YES;
				GCC_PREFIX_HEADER = "TipCalculator/TipCalculator-Prefix.pch";
				INFOPLIST_FILE = "TipCalculatorTests/TipCalculatorTests-Info.plist";
				PRODUCT_NAME = "$(TARGET_NAME)";
				TEST_HOST = "$(BUNDLE_LOADER)";
				WRAPPER_EXTENSION = xctest;
			};
			name = Release;
		};
/* End XCBuildConfiguration section */

/* Begin XCConfigurationList section */
		BF416A33191AC887001CEF84 /* Build configuration list for PBXProject "TipCalculator" */ = {
			isa = XCConfigurationList;
			buildConfigurations = (
				BF416A62191AC887001CEF84 /* Debug */,
				BF416A63191AC887001CEF84 /* Release */,
			);
			defaultConfigurationIsVisible = 0;
			defaultConfigurationName = Release;
		};
		BF416A64191AC887001CEF84 /* Build configuration list for PBXNativeTarget "TipCalculator" */ = {
			isa = XCConfigurationList;
			buildConfigurations = (
				BF416A65191AC887001CEF84 /* Debug */,
				BF416A66191AC887001CEF84 /* Release */,
			);
			defaultConfigurationIsVisible = 0;
		};
		BF416A67191AC887001CEF84 /* Build configuration list for PBXNativeTarget "TipCalculatorTests" */ = {
			isa = XCConfigurationList;
			buildConfigurations = (
				BF416A68191AC887001CEF84 /* Debug */,
				BF416A69191AC887001CEF84 /* Release */,
			);
			defaultConfigurationIsVisible = 0;
		};
/* End XCConfigurationList section */
	};
	rootObject = BF416A30191AC887001CEF84 /* Project object */;
}
